<?xml version="1.0" encoding="utf-8"?>
<Project ToolsVersion="4.0" xmlns="http://schemas.microsoft.com/developer/msbuild/2003">
  <ItemGroup>
    <Filter Include="proto">
      <UniqueIdentifier>{c8d66f6e-5f2e-4033-8610-16cf8bbeb910}</UniqueIdentifier>
    </Filter>
    <Filter Include="src">
      <UniqueIdentifier>{092fa9c1-951c-412c-a86a-de464571fa59}</UniqueIdentifier>
    </Filter>
  </ItemGroup>
  <ItemGroup>
    <None Include="BUILD" />
    <None Include="proto\routersvr_config.proto">
      <Filter>proto</Filter>
    </None>
    <None Include="proto\svr_base.proto">
      <Filter>proto</Filter>
    </None>
    <None Include="proto\cmd.proto">
      <Filter>proto</Filter>
    </None>
  </ItemGroup>
  <ItemGroup>
    <ClCompile Include="src\routersvr_config.pb.cc">
      <Filter>src</Filter>
    </ClCompile>
  </ItemGroup>
  <ItemGroup>
    <ClInclude Include="src\routersvr_config.pb.h">
      <Filter>src</Filter>
    </ClInclude>
  </ItemGroup>
</Project>