<?xml version="1.0" encoding="utf-8"?>
<Project ToolsVersion="4.0" xmlns="http://schemas.microsoft.com/developer/msbuild/2003">
  <ItemGroup>
    <ClCompile Include="..\google\protobuf\arena.cc" />
    <ClCompile Include="..\google\protobuf\arenastring.cc" />
    <ClCompile Include="..\google\protobuf\extension_set.cc" />
    <ClCompile Include="..\google\protobuf\generated_message_table_driven_lite.cc" />
    <ClCompile Include="..\google\protobuf\generated_message_util.cc" />
    <ClCompile Include="..\google\protobuf\io\coded_stream.cc" />
    <ClCompile Include="..\google\protobuf\io\zero_copy_stream.cc" />
    <ClCompile Include="..\google\protobuf\io\zero_copy_stream_impl_lite.cc" />
    <ClCompile Include="..\google\protobuf\message_lite.cc" />
    <ClCompile Include="..\google\protobuf\repeated_field.cc" />
    <ClCompile Include="..\google\protobuf\stubs\atomicops_internals_x86_gcc.cc" />
    <ClCompile Include="..\google\protobuf\stubs\atomicops_internals_x86_msvc.cc" />
    <ClCompile Include="..\google\protobuf\stubs\bytestream.cc" />
    <ClCompile Include="..\google\protobuf\stubs\common.cc" />
    <ClCompile Include="..\google\protobuf\stubs\int128.cc" />
    <ClCompile Include="..\google\protobuf\stubs\io_win32.cc" />
    <ClCompile Include="..\google\protobuf\stubs\once.cc" />
    <ClCompile Include="..\google\protobuf\stubs\status.cc" />
    <ClCompile Include="..\google\protobuf\stubs\statusor.cc" />
    <ClCompile Include="..\google\protobuf\stubs\stringpiece.cc" />
    <ClCompile Include="..\google\protobuf\stubs\stringprintf.cc" />
    <ClCompile Include="..\google\protobuf\stubs\structurally_valid.cc" />
    <ClCompile Include="..\google\protobuf\stubs\strutil.cc" />
    <ClCompile Include="..\google\protobuf\stubs\time.cc" />
    <ClCompile Include="..\google\protobuf\wire_format_lite.cc" />
    <ClInclude Include="..\google\protobuf\arena.h" />
    <ClInclude Include="..\google\protobuf\arenastring.h" />
    <ClInclude Include="..\google\protobuf\extension_set.h" />
    <ClInclude Include="..\google\protobuf\generated_message_util.h" />
    <ClInclude Include="..\google\protobuf\io\coded_stream.h" />
    <ClInclude Include="..\google\protobuf\io\zero_copy_stream.h" />
    <ClInclude Include="..\google\protobuf\io\zero_copy_stream_impl_lite.h" />
    <ClInclude Include="..\google\protobuf\message_lite.h" />
    <ClInclude Include="..\google\protobuf\repeated_field.h" />
    <ClInclude Include="..\google\protobuf\stubs\atomicops_internals_x86_msvc.h" />
    <ClInclude Include="..\google\protobuf\stubs\bytestream.h" />
    <ClInclude Include="..\google\protobuf\stubs\common.h" />
    <ClInclude Include="..\google\protobuf\stubs\int128.h" />
    <ClInclude Include="..\google\protobuf\stubs\once.h" />
    <ClInclude Include="..\google\protobuf\stubs\status.h" />
    <ClInclude Include="..\google\protobuf\stubs\statusor.h" />
    <ClInclude Include="..\google\protobuf\stubs\stringpiece.h" />
    <ClInclude Include="..\google\protobuf\stubs\stringprintf.h" />
    <ClInclude Include="..\google\protobuf\stubs\strutil.h" />
    <ClInclude Include="..\google\protobuf\stubs\time.h" />
    <ClInclude Include="..\google\protobuf\wire_format_lite.h" />
  </ItemGroup>
  <ItemGroup>
    <None Include="..\google\BUILD" />
  </ItemGroup>
</Project>