<?xml version="1.0" encoding="utf-8"?>
<Project ToolsVersion="4.0" xmlns="http://schemas.microsoft.com/developer/msbuild/2003">
  <ItemGroup>
    <ClCompile Include="..\google\protobuf\arena.cc" />
    <ClCompile Include="..\google\protobuf\arenastring.cc" />
    <ClCompile Include="..\google\protobuf\extension_set.cc" />
    <ClCompile Include="..\google\protobuf\generated_message_table_driven_lite.cc" />
    <ClCompile Include="..\google\protobuf\generated_message_util.cc" />
    <ClCompile Include="..\google\protobuf\io\coded_stream.cc" />
    <ClCompile Include="..\google\protobuf\io\zero_copy_stream.cc" />
    <ClCompile Include="..\google\protobuf\io\zero_copy_stream_impl_lite.cc" />
    <ClCompile Include="..\google\protobuf\message_lite.cc" />
    <ClCompile Include="..\google\protobuf\repeated_field.cc" />
    <ClCompile Include="..\google\protobuf\stubs\atomicops_internals_x86_gcc.cc" />
    <ClCompile Include="..\google\protobuf\stubs\atomicops_internals_x86_msvc.cc" />
    <ClCompile Include="..\google\protobuf\stubs\bytestream.cc" />
    <ClCompile Include="..\google\protobuf\stubs\common.cc" />
    <ClCompile Include="..\google\protobuf\stubs\int128.cc" />
    <ClCompile Include="..\google\protobuf\stubs\io_win32.cc" />
    <ClCompile Include="..\google\protobuf\stubs\once.cc" />
    <ClCompile Include="..\google\protobuf\stubs\status.cc" />
    <ClCompile Include="..\google\protobuf\stubs\statusor.cc" />
    <ClCompile Include="..\google\protobuf\stubs\stringpiece.cc" />
    <ClCompile Include="..\google\protobuf\stubs\stringprintf.cc" />
    <ClCompile Include="..\google\protobuf\stubs\structurally_valid.cc" />
    <ClCompile Include="..\google\protobuf\stubs\strutil.cc" />
    <ClCompile Include="..\google\protobuf\stubs\time.cc" />
    <ClCompile Include="..\google\protobuf\wire_format_lite.cc" />
    <ClCompile Include="..\google\protobuf\any.cc" />
    <ClCompile Include="..\google\protobuf\any.pb.cc" />
    <ClCompile Include="..\google\protobuf\api.pb.cc" />
    <ClCompile Include="..\google\protobuf\compiler\importer.cc" />
    <ClCompile Include="..\google\protobuf\compiler\parser.cc" />
    <ClCompile Include="..\google\protobuf\descriptor.cc" />
    <ClCompile Include="..\google\protobuf\descriptor.pb.cc" />
    <ClCompile Include="..\google\protobuf\descriptor_database.cc" />
    <ClCompile Include="..\google\protobuf\duration.pb.cc" />
    <ClCompile Include="..\google\protobuf\dynamic_message.cc" />
    <ClCompile Include="..\google\protobuf\empty.pb.cc" />
    <ClCompile Include="..\google\protobuf\extension_set_heavy.cc" />
    <ClCompile Include="..\google\protobuf\field_mask.pb.cc" />
    <ClCompile Include="..\google\protobuf\generated_message_reflection.cc" />
    <ClCompile Include="..\google\protobuf\generated_message_table_driven.cc" />
    <ClCompile Include="..\google\protobuf\io\gzip_stream.cc" />
    <ClCompile Include="..\google\protobuf\io\printer.cc" />
    <ClCompile Include="..\google\protobuf\io\strtod.cc" />
    <ClCompile Include="..\google\protobuf\io\tokenizer.cc" />
    <ClCompile Include="..\google\protobuf\io\zero_copy_stream_impl.cc" />
    <ClCompile Include="..\google\protobuf\map_field.cc" />
    <ClCompile Include="..\google\protobuf\message.cc" />
    <ClCompile Include="..\google\protobuf\reflection_ops.cc" />
    <ClCompile Include="..\google\protobuf\service.cc" />
    <ClCompile Include="..\google\protobuf\source_context.pb.cc" />
    <ClCompile Include="..\google\protobuf\struct.pb.cc" />
    <ClCompile Include="..\google\protobuf\stubs\mathlimits.cc" />
    <ClCompile Include="..\google\protobuf\stubs\substitute.cc" />
    <ClCompile Include="..\google\protobuf\text_format.cc" />
    <ClCompile Include="..\google\protobuf\timestamp.pb.cc" />
    <ClCompile Include="..\google\protobuf\type.pb.cc" />
    <ClCompile Include="..\google\protobuf\unknown_field_set.cc" />
    <ClCompile Include="..\google\protobuf\util\delimited_message_util.cc" />
    <ClCompile Include="..\google\protobuf\util\field_comparator.cc" />
    <ClCompile Include="..\google\protobuf\util\field_mask_util.cc" />
    <ClCompile Include="..\google\protobuf\util\internal\datapiece.cc" />
    <ClCompile Include="..\google\protobuf\util\internal\default_value_objectwriter.cc" />
    <ClCompile Include="..\google\protobuf\util\internal\error_listener.cc" />
    <ClCompile Include="..\google\protobuf\util\internal\field_mask_utility.cc" />
    <ClCompile Include="..\google\protobuf\util\internal\json_escaping.cc" />
    <ClCompile Include="..\google\protobuf\util\internal\json_objectwriter.cc" />
    <ClCompile Include="..\google\protobuf\util\internal\json_stream_parser.cc" />
    <ClCompile Include="..\google\protobuf\util\internal\object_writer.cc" />
    <ClCompile Include="..\google\protobuf\util\internal\proto_writer.cc" />
    <ClCompile Include="..\google\protobuf\util\internal\protostream_objectsource.cc" />
    <ClCompile Include="..\google\protobuf\util\internal\protostream_objectwriter.cc" />
    <ClCompile Include="..\google\protobuf\util\internal\type_info.cc" />
    <ClCompile Include="..\google\protobuf\util\internal\type_info_test_helper.cc" />
    <ClCompile Include="..\google\protobuf\util\internal\utility.cc" />
    <ClCompile Include="..\google\protobuf\util\json_util.cc" />
    <ClCompile Include="..\google\protobuf\util\message_differencer.cc" />
    <ClCompile Include="..\google\protobuf\util\time_util.cc" />
    <ClCompile Include="..\google\protobuf\util\type_resolver_util.cc" />
    <ClCompile Include="..\google\protobuf\wire_format.cc" />
    <ClCompile Include="..\google\protobuf\wrappers.pb.cc" />
    <ClInclude Include="..\google\protobuf\any.h" />
    <ClInclude Include="..\google\protobuf\any.pb.h" />
    <ClInclude Include="..\google\protobuf\api.pb.h" />
    <ClInclude Include="..\google\protobuf\compiler\importer.h" />
    <ClInclude Include="..\google\protobuf\compiler\parser.h" />
    <ClInclude Include="..\google\protobuf\descriptor.h" />
    <ClInclude Include="..\google\protobuf\descriptor.pb.h" />
    <ClInclude Include="..\google\protobuf\descriptor_database.h" />
    <ClInclude Include="..\google\protobuf\duration.pb.h" />
    <ClInclude Include="..\google\protobuf\dynamic_message.h" />
    <ClInclude Include="..\google\protobuf\empty.pb.h" />
    <ClInclude Include="..\google\protobuf\field_mask.pb.h" />
    <ClInclude Include="..\google\protobuf\generated_message_reflection.h" />
    <ClInclude Include="..\google\protobuf\io\gzip_stream.h" />
    <ClInclude Include="..\google\protobuf\io\printer.h" />
    <ClInclude Include="..\google\protobuf\io\strtod.h" />
    <ClInclude Include="..\google\protobuf\io\tokenizer.h" />
    <ClInclude Include="..\google\protobuf\io\zero_copy_stream_impl.h" />
    <ClInclude Include="..\google\protobuf\map_field.h" />
    <ClInclude Include="..\google\protobuf\message.h" />
    <ClInclude Include="..\google\protobuf\reflection_ops.h" />
    <ClInclude Include="..\google\protobuf\service.h" />
    <ClInclude Include="..\google\protobuf\source_context.pb.h" />
    <ClInclude Include="..\google\protobuf\struct.pb.h" />
    <ClInclude Include="..\google\protobuf\stubs\mathlimits.h" />
    <ClInclude Include="..\google\protobuf\stubs\substitute.h" />
    <ClInclude Include="..\google\protobuf\text_format.h" />
    <ClInclude Include="..\google\protobuf\timestamp.pb.h" />
    <ClInclude Include="..\google\protobuf\type.pb.h" />
    <ClInclude Include="..\google\protobuf\unknown_field_set.h" />
    <ClInclude Include="..\google\protobuf\util\delimited_message_util.h" />
    <ClInclude Include="..\google\protobuf\util\field_comparator.h" />
    <ClInclude Include="..\google\protobuf\util\field_mask_util.h" />
    <ClInclude Include="..\google\protobuf\util\internal\datapiece.h" />
    <ClInclude Include="..\google\protobuf\util\internal\default_value_objectwriter.h" />
    <ClInclude Include="..\google\protobuf\util\internal\error_listener.h" />
    <ClInclude Include="..\google\protobuf\util\internal\field_mask_utility.h" />
    <ClInclude Include="..\google\protobuf\util\internal\json_escaping.h" />
    <ClInclude Include="..\google\protobuf\util\internal\json_objectwriter.h" />
    <ClInclude Include="..\google\protobuf\util\internal\json_stream_parser.h" />
    <ClInclude Include="..\google\protobuf\util\internal\object_writer.h" />
    <ClInclude Include="..\google\protobuf\util\internal\proto_writer.h" />
    <ClInclude Include="..\google\protobuf\util\internal\protostream_objectsource.h" />
    <ClInclude Include="..\google\protobuf\util\internal\protostream_objectwriter.h" />
    <ClInclude Include="..\google\protobuf\util\internal\type_info.h" />
    <ClInclude Include="..\google\protobuf\util\internal\type_info_test_helper.h" />
    <ClInclude Include="..\google\protobuf\util\internal\utility.h" />
    <ClInclude Include="..\google\protobuf\util\json_util.h" />
    <ClInclude Include="..\google\protobuf\util\message_differencer.h" />
    <ClInclude Include="..\google\protobuf\util\time_util.h" />
    <ClInclude Include="..\google\protobuf\util\type_resolver_util.h" />
    <ClInclude Include="..\google\protobuf\wire_format.h" />
    <ClInclude Include="..\google\protobuf\wrappers.pb.h" />
  </ItemGroup>
  <ItemGroup>
    <None Include="..\google\BUILD" />
  </ItemGroup>
</Project>